
Microsoft Visual Studio Solution File, Format Version 12.00
# Visual Studio 15
VisualStudioVersion = 15.0.28307.438
MinimumVisualStudioVersion = 10.0.40219.1
Project("{9A19103F-16F7-4668-BE54-9A1E7A4F7556}") = "FiLogger.Caching.MemCache", "FiLogger.Caching.MemCache.csproj", "{A344CB35-28BD-4EF2-B3C1-FF7849C093EC}"
EndProject
Global
	GlobalSection(SolutionConfigurationPlatforms) = preSolution
		Debug|Any CPU = Debug|Any CPU
		Release|Any CPU = Release|Any CPU
	EndGlobalSection
	GlobalSection(ProjectConfigurationPlatforms) = postSolution
		{A344CB35-28BD-4EF2-B3C1-FF7849C093EC}.Debug|Any CPU.ActiveCfg = Debug|Any CPU
		{A344CB35-28BD-4EF2-B3C1-FF7849C093EC}.Debug|Any CPU.Build.0 = Debug|Any CPU
		{A344CB35-28BD-4EF2-B3C1-FF7849C093EC}.Release|Any CPU.ActiveCfg = Release|Any CPU
		{A344CB35-28BD-4EF2-B3C1-FF7849C093EC}.Release|Any CPU.Build.0 = Release|Any CPU
	EndGlobalSection
	GlobalSection(SolutionProperties) = preSolution
		HideSolutionNode = FALSE
	EndGlobalSection
	GlobalSection(ExtensibilityGlobals) = postSolution
		SolutionGuid = {3C791A46-DD62-44AD-87AC-55E219A8E9ED}
	EndGlobalSection
EndGlobal
